
Microsoft Visual Studio Solution File, Format Version 12.00
# Visual Studio Version 16
VisualStudioVersion = 16.0.29306.81
MinimumVisualStudioVersion = 10.0.40219.1
Project("{FAE04EC0-301F-11D3-BF4B-00C04F79EFBC}") = "DuSwToglTFUnitTest", "DuSwToglTFUnitTest\DuSwToglTFUnitTest.csproj", "{F1C6B056-16D5-4E59-BC08-6DDBAD6F050F}"
EndProject
Project("{FAE04EC0-301F-11D3-BF4B-00C04F79EFBC}") = "DuSwToglTF", "DuSwToglTF\DuSwToglTF.csproj", "{7ACEDAA9-2DE8-4485-837A-E7D58812A6DC}"
EndProject
Global
	GlobalSection(SolutionConfigurationPlatforms) = preSolution
		Debug|Any CPU = Debug|Any CPU
		Release|Any CPU = Release|Any CPU
	EndGlobalSection
	GlobalSection(ProjectConfigurationPlatforms) = postSolution
		{F1C6B056-16D5-4E59-BC08-6DDBAD6F050F}.Debug|Any CPU.ActiveCfg = Debug|Any CPU
		{F1C6B056-16D5-4E59-BC08-6DDBAD6F050F}.Debug|Any CPU.Build.0 = Debug|Any CPU
		{F1C6B056-16D5-4E59-BC08-6DDBAD6F050F}.Release|Any CPU.ActiveCfg = Release|Any CPU
		{F1C6B056-16D5-4E59-BC08-6DDBAD6F050F}.Release|Any CPU.Build.0 = Release|Any CPU
		{7ACEDAA9-2DE8-4485-837A-E7D58812A6DC}.Debug|Any CPU.ActiveCfg = Debug|Any CPU
		{7ACEDAA9-2DE8-4485-837A-E7D58812A6DC}.Debug|Any CPU.Build.0 = Debug|Any CPU
		{7ACEDAA9-2DE8-4485-837A-E7D58812A6DC}.Release|Any CPU.ActiveCfg = Release|Any CPU
		{7ACEDAA9-2DE8-4485-837A-E7D58812A6DC}.Release|Any CPU.Build.0 = Release|Any CPU
	EndGlobalSection
	GlobalSection(SolutionProperties) = preSolution
		HideSolutionNode = FALSE
	EndGlobalSection
	GlobalSection(ExtensibilityGlobals) = postSolution
		SolutionGuid = {7497925F-7A9D-4028-B1FD-BC8813188F51}
	EndGlobalSection
EndGlobal
